
Microsoft Visual Studio Solution File, Format Version 12.00
# Visual Studio Version 17
VisualStudioVersion = 17.4.33403.182
MinimumVisualStudioVersion = 10.0.40219.1
Project("{FAE04EC0-301F-11D3-BF4B-00C04F79EFBC}") = "Homework", "FileSystem\Homework.csproj", "{F3E68682-33A3-4222-B36B-7CC8E5B0B5CF}"
EndProject
Global
	GlobalSection(SolutionConfigurationPlatforms) = preSolution
		Debug|Any CPU = Debug|Any CPU
		Release|Any CPU = Release|Any CPU
	EndGlobalSection
	GlobalSection(ProjectConfigurationPlatforms) = postSolution
		{F3E68682-33A3-4222-B36B-7CC8E5B0B5CF}.Debug|Any CPU.ActiveCfg = Debug|Any CPU
		{F3E68682-33A3-4222-B36B-7CC8E5B0B5CF}.Debug|Any CPU.Build.0 = Debug|Any CPU
		{F3E68682-33A3-4222-B36B-7CC8E5B0B5CF}.Release|Any CPU.ActiveCfg = Release|Any CPU
		{F3E68682-33A3-4222-B36B-7CC8E5B0B5CF}.Release|Any CPU.Build.0 = Release|Any CPU
	EndGlobalSection
	GlobalSection(SolutionProperties) = preSolution
		HideSolutionNode = FALSE
	EndGlobalSection
	GlobalSection(ExtensibilityGlobals) = postSolution
		SolutionGuid = {600BDA7D-EE34-4DAA-9538-9010A031BA87}
	EndGlobalSection
EndGlobal
